
Microsoft Visual Studio Solution File, Format Version 12.00
# Visual Studio Version 17
VisualStudioVersion = 17.1.32328.378
MinimumVisualStudioVersion = 10.0.40219.1
Project("{FAE04EC0-301F-11D3-BF4B-00C04F79EFBC}") = "KingdomDestruction", "KingdomDestruction\KingdomDestruction.csproj", "{E40EDD25-E9DE-44A2-B3FD-197F8AA837CC}"
EndProject
Global
	GlobalSection(SolutionConfigurationPlatforms) = preSolution
		Debug|x64 = Debug|x64
		Release|x64 = Release|x64
	EndGlobalSection
	GlobalSection(ProjectConfigurationPlatforms) = postSolution
		{E40EDD25-E9DE-44A2-B3FD-197F8AA837CC}.Debug|x64.ActiveCfg = Debug|x64
		{E40EDD25-E9DE-44A2-B3FD-197F8AA837CC}.Debug|x64.Build.0 = Debug|x64
		{E40EDD25-E9DE-44A2-B3FD-197F8AA837CC}.Release|x64.ActiveCfg = Release|x64
		{E40EDD25-E9DE-44A2-B3FD-197F8AA837CC}.Release|x64.Build.0 = Release|x64
	EndGlobalSection
	GlobalSection(SolutionProperties) = preSolution
		HideSolutionNode = FALSE
	EndGlobalSection
	GlobalSection(ExtensibilityGlobals) = postSolution
		SolutionGuid = {8408B011-A140-45B0-841E-29CB6ACD72DA}
	EndGlobalSection
EndGlobal
